{
  "version": 4,
  "terraform_version": "1.1.2",
  "serial": 454,
  "lineage": "85645388-1700-b0c7-c532-be2695caa849",
  "outputs": {},
  "resources": [
    {
      "mode": "data",
      "type": "aws_route53_zone",
      "name": "zone",
      "provider": "provider[\"registry.terraform.io/hashicorp/aws\"]",
      "instances": [
        {
          "schema_version": 0,
          "attributes": {
            "arn": "arn:aws:route53:::hostedzone/Z00969952S8LKXGJ52Z77",
            "caller_reference": "terraform-20220425175902881700000001",
            "comment": "Managed by Terraform",
            "id": "Z00969952S8LKXGJ52Z77",
            "linked_service_description": null,
            "linked_service_principal": null,
            "name": "harrydowsettresume.co.uk",
            "name_servers": [
              "ns-1690.awsdns-19.co.uk",
              "ns-1504.awsdns-60.org",
              "ns-753.awsdns-30.net",
              "ns-496.awsdns-62.com"
            ],
            "private_zone": false,
            "resource_record_set_count": 4,
            "tags": {},
            "vpc_id": null,
            "zone_id": "Z00969952S8LKXGJ52Z77"
          },
          "sensitive_attributes": []
        }
      ]
    },
    {
      "mode": "managed",
      "type": "aws_acm_certificate",
      "name": "harry-dowsett-resume",
      "provider": "provider[\"registry.terraform.io/hashicorp/aws\"]",
      "instances": [
        {
          "schema_version": 0,
          "attributes": {
            "arn": "arn:aws:acm:us-east-1:640138429565:certificate/1d3fd7a6-047f-4484-84bb-048840a21cbf",
            "certificate_authority_arn": "",
            "certificate_body": null,
            "certificate_chain": null,
            "domain_name": "harrydowsettresume.co.uk",
            "domain_validation_options": [
              {
                "domain_name": "harrydowsettresume.co.uk",
                "resource_record_name": "_d62e10e366a6dca595cb271e8337280e.harrydowsettresume.co.uk.",
                "resource_record_type": "CNAME",
                "resource_record_value": "_9f7b282562300f744b85d37e98c31b3f.rdvkfhcmrm.acm-validations.aws."
              }
            ],
            "id": "arn:aws:acm:us-east-1:640138429565:certificate/1d3fd7a6-047f-4484-84bb-048840a21cbf",
            "options": [
              {
                "certificate_transparency_logging_preference": "ENABLED"
              }
            ],
            "private_key": null,
            "status": "ISSUED",
            "subject_alternative_names": [],
            "tags": {
              "Environment": "test"
            },
            "tags_all": {
              "Environment": "test"
            },
            "validation_emails": [],
            "validation_method": "DNS"
          },
          "sensitive_attributes": [],
          "private": "bnVsbA==",
          "create_before_destroy": true
        }
      ]
    },
    {
      "mode": "managed",
      "type": "aws_acm_certificate_validation",
      "name": "cert",
      "provider": "provider[\"registry.terraform.io/hashicorp/aws\"]",
      "instances": [
        {
          "schema_version": 0,
          "attributes": {
            "certificate_arn": "arn:aws:acm:us-east-1:640138429565:certificate/1d3fd7a6-047f-4484-84bb-048840a21cbf",
            "id": "2022-04-25 19:06:29.133 +0000 UTC",
            "timeouts": null,
            "validation_record_fqdns": [
              "_d62e10e366a6dca595cb271e8337280e.harrydowsettresume.co.uk"
            ]
          },
          "sensitive_attributes": [],
          "private": "eyJlMmJmYjczMC1lY2FhLTExZTYtOGY4OC0zNDM2M2JjN2M0YzAiOnsiY3JlYXRlIjoyNzAwMDAwMDAwMDAwfX0=",
          "dependencies": [
            "aws_acm_certificate.harry-dowsett-resume",
            "aws_route53_record.cert_validation",
            "data.aws_route53_zone.zone"
          ]
        }
      ]
    },
    {
      "mode": "managed",
      "type": "aws_api_gateway_deployment",
      "name": "put-api",
      "provider": "provider[\"registry.terraform.io/hashicorp/aws\"]",
      "instances": [
        {
          "schema_version": 0,
          "attributes": {
            "created_date": "2022-05-15T20:19:04Z",
            "description": "",
            "execution_arn": "arn:aws:execute-api:us-east-1:640138429565:ho9vk4ft4m/Put-Function",
            "id": "vuzarg",
            "invoke_url": "https://ho9vk4ft4m.execute-api.us-east-1.amazonaws.com/Put-Function",
            "rest_api_id": "ho9vk4ft4m",
            "stage_description": null,
            "stage_name": "Put-Function",
            "triggers": null,
            "variables": null
          },
          "sensitive_attributes": [],
          "private": "bnVsbA==",
          "dependencies": [
            "aws_api_gateway_method.proxy",
            "aws_api_gateway_method.put-proxy_root",
            "aws_api_gateway_resource.proxy",
            "aws_api_gateway_rest_api.resume-api",
            "aws_iam_role.lambda_exec",
            "aws_lambda_function.put-resume",
            "aws_api_gateway_integration.put-lambda",
            "aws_api_gateway_integration.put-lambda_root"
          ]
        }
      ]
    },
    {
      "mode": "managed",
      "type": "aws_api_gateway_integration",
      "name": "put-lambda",
      "provider": "provider[\"registry.terraform.io/hashicorp/aws\"]",
      "instances": [
        {
          "schema_version": 0,
          "attributes": {
            "cache_key_parameters": [],
            "cache_namespace": "7y3blq",
            "connection_id": "",
            "connection_type": "INTERNET",
            "content_handling": "",
            "credentials": "",
            "http_method": "ANY",
            "id": "agi-ho9vk4ft4m-7y3blq-ANY",
            "integration_http_method": "POST",
            "passthrough_behavior": "WHEN_NO_MATCH",
            "request_parameters": {},
            "request_templates": {},
            "resource_id": "7y3blq",
            "rest_api_id": "ho9vk4ft4m",
            "timeout_milliseconds": 29000,
            "tls_config": [],
            "type": "AWS_PROXY",
            "uri": "arn:aws:apigateway:us-east-1:lambda:path/2015-03-31/functions/arn:aws:lambda:us-east-1:640138429565:function:ResumePut/invocations"
          },
          "sensitive_attributes": [],
          "private": "bnVsbA==",
          "dependencies": [
            "aws_api_gateway_method.proxy",
            "aws_api_gateway_resource.proxy",
            "aws_api_gateway_rest_api.resume-api",
            "aws_iam_role.lambda_exec",
            "aws_lambda_function.put-resume"
          ]
        }
      ]
    },
    {
      "mode": "managed",
      "type": "aws_api_gateway_integration",
      "name": "put-lambda_root",
      "provider": "provider[\"registry.terraform.io/hashicorp/aws\"]",
      "instances": [
        {
          "schema_version": 0,
          "attributes": {
            "cache_key_parameters": null,
            "cache_namespace": "1lthd5hwyl",
            "connection_id": "",
            "connection_type": "INTERNET",
            "content_handling": "",
            "credentials": "",
            "http_method": "PUT",
            "id": "agi-ho9vk4ft4m-1lthd5hwyl-PUT",
            "integration_http_method": "POST",
            "passthrough_behavior": "WHEN_NO_MATCH",
            "request_parameters": null,
            "request_templates": null,
            "resource_id": "1lthd5hwyl",
            "rest_api_id": "ho9vk4ft4m",
            "timeout_milliseconds": 29000,
            "tls_config": [],
            "type": "AWS_PROXY",
            "uri": "arn:aws:apigateway:us-east-1:lambda:path/2015-03-31/functions/arn:aws:lambda:us-east-1:640138429565:function:ResumePut/invocations"
          },
          "sensitive_attributes": [],
          "private": "bnVsbA==",
          "dependencies": [
            "aws_api_gateway_method.put-proxy_root",
            "aws_api_gateway_rest_api.resume-api",
            "aws_lambda_function.put-resume"
          ]
        }
      ]
    },
    {
      "mode": "managed",
      "type": "aws_api_gateway_method",
      "name": "proxy",
      "provider": "provider[\"registry.terraform.io/hashicorp/aws\"]",
      "instances": [
        {
          "schema_version": 0,
          "attributes": {
            "api_key_required": false,
            "authorization": "NONE",
            "authorization_scopes": [],
            "authorizer_id": "",
            "http_method": "ANY",
            "id": "agm-ho9vk4ft4m-7y3blq-ANY",
            "operation_name": "",
            "request_models": {},
            "request_parameters": {},
            "request_validator_id": "",
            "resource_id": "7y3blq",
            "rest_api_id": "ho9vk4ft4m"
          },
          "sensitive_attributes": [],
          "private": "bnVsbA==",
          "dependencies": [
            "aws_api_gateway_resource.proxy",
            "aws_api_gateway_rest_api.resume-api"
          ]
        }
      ]
    },
    {
      "mode": "managed",
      "type": "aws_api_gateway_method",
      "name": "put-proxy_root",
      "provider": "provider[\"registry.terraform.io/hashicorp/aws\"]",
      "instances": [
        {
          "schema_version": 0,
          "attributes": {
            "api_key_required": false,
            "authorization": "NONE",
            "authorization_scopes": null,
            "authorizer_id": null,
            "http_method": "PUT",
            "id": "agm-ho9vk4ft4m-1lthd5hwyl-PUT",
            "operation_name": null,
            "request_models": null,
            "request_parameters": null,
            "request_validator_id": null,
            "resource_id": "1lthd5hwyl",
            "rest_api_id": "ho9vk4ft4m"
          },
          "sensitive_attributes": [],
          "private": "bnVsbA==",
          "dependencies": [
            "aws_api_gateway_rest_api.resume-api"
          ]
        }
      ]
    },
    {
      "mode": "managed",
      "type": "aws_api_gateway_resource",
      "name": "proxy",
      "provider": "provider[\"registry.terraform.io/hashicorp/aws\"]",
      "instances": [
        {
          "schema_version": 0,
          "attributes": {
            "id": "7y3blq",
            "parent_id": "1lthd5hwyl",
            "path": "/{proxy+}",
            "path_part": "{proxy+}",
            "rest_api_id": "ho9vk4ft4m"
          },
          "sensitive_attributes": [],
          "private": "bnVsbA==",
          "dependencies": [
            "aws_api_gateway_rest_api.resume-api"
          ]
        }
      ]
    },
    {
      "mode": "managed",
      "type": "aws_api_gateway_rest_api",
      "name": "resume-api",
      "provider": "provider[\"registry.terraform.io/hashicorp/aws\"]",
      "instances": [
        {
          "schema_version": 0,
          "attributes": {
            "api_key_source": "HEADER",
            "arn": "arn:aws:apigateway:us-east-1::/restapis/ho9vk4ft4m",
            "binary_media_types": [],
            "body": "{\"info\":{\"title\":\"resume-api\",\"version\":\"1.0\"},\"openapi\":\"3.0.1\",\"paths\":{\"/path1\":{\"get\":{\"x-amazon-apigateway-integration\":{\"httpMethod\":\"GET\",\"payloadFormatVersion\":\"1.0\",\"type\":\"HTTP_PROXY\",\"uri\":\"https://ip-ranges.amazonaws.com/ip-ranges.json\"}}}}}",
            "created_date": "2022-05-10T18:32:54Z",
            "description": "",
            "disable_execute_api_endpoint": false,
            "endpoint_configuration": [
              {
                "types": [
                  "EDGE"
                ],
                "vpc_endpoint_ids": []
              }
            ],
            "execution_arn": "arn:aws:execute-api:us-east-1:640138429565:ho9vk4ft4m",
            "id": "ho9vk4ft4m",
            "minimum_compression_size": -1,
            "name": "ResumeAPI",
            "parameters": null,
            "policy": "",
            "root_resource_id": "1lthd5hwyl",
            "tags": {},
            "tags_all": {}
          },
          "sensitive_attributes": [],
          "private": "bnVsbA=="
        }
      ]
    },
    {
      "mode": "managed",
      "type": "aws_cloudfront_distribution",
      "name": "s3_distribution",
      "provider": "provider[\"registry.terraform.io/hashicorp/aws\"]",
      "instances": [
        {
          "schema_version": 1,
          "attributes": {
            "aliases": [
              "harrydowsettresume.co.uk"
            ],
            "arn": "arn:aws:cloudfront::640138429565:distribution/E11E6JBELSPVAX",
            "caller_reference": "terraform-20220425190735830200000002",
            "comment": "harry_dowsett Distro",
            "custom_error_response": [],
            "default_cache_behavior": [
              {
                "allowed_methods": [
                  "DELETE",
                  "GET",
                  "HEAD",
                  "OPTIONS",
                  "PATCH",
                  "POST",
                  "PUT"
                ],
                "cache_policy_id": "",
                "cached_methods": [
                  "GET",
                  "HEAD"
                ],
                "compress": false,
                "default_ttl": 3600,
                "field_level_encryption_id": "",
                "forwarded_values": [
                  {
                    "cookies": [
                      {
                        "forward": "none",
                        "whitelisted_names": []
                      }
                    ],
                    "headers": [],
                    "query_string": false,
                    "query_string_cache_keys": []
                  }
                ],
                "function_association": [],
                "lambda_function_association": [],
                "max_ttl": 86400,
                "min_ttl": 0,
                "origin_request_policy_id": "",
                "realtime_log_config_arn": "",
                "response_headers_policy_id": "",
                "smooth_streaming": false,
                "target_origin_id": "myS3Origin",
                "trusted_key_groups": [],
                "trusted_signers": [],
                "viewer_protocol_policy": "redirect-to-https"
              }
            ],
            "default_root_object": "index.html",
            "domain_name": "d2gler7vjixkjs.cloudfront.net",
            "enabled": true,
            "etag": "E2N7HD7RP8SI96",
            "hosted_zone_id": "Z2FDTNDATAQYW2",
            "http_version": "http2",
            "id": "E11E6JBELSPVAX",
            "in_progress_validation_batches": 0,
            "is_ipv6_enabled": true,
            "last_modified_time": "2022-05-15 21:38:36.472 +0000 UTC",
            "logging_config": [
              {
                "bucket": "harry-resume-website.s3.amazonaws.com",
                "include_cookies": false,
                "prefix": "myprefix"
              }
            ],
            "ordered_cache_behavior": [],
            "origin": [
              {
                "connection_attempts": 3,
                "connection_timeout": 10,
                "custom_header": [],
                "custom_origin_config": [],
                "domain_name": "harry-resume-website.s3.amazonaws.com",
                "origin_id": "myS3Origin",
                "origin_path": "",
                "origin_shield": [],
                "s3_origin_config": [
                  {
                    "origin_access_identity": "origin-access-identity/cloudfront/ECWEJXOJ3WFG0"
                  }
                ]
              }
            ],
            "origin_group": [],
            "price_class": "PriceClass_100",
            "restrictions": [
              {
                "geo_restriction": [
                  {
                    "locations": [],
                    "restriction_type": "none"
                  }
                ]
              }
            ],
            "retain_on_delete": false,
            "status": "Deployed",
            "tags": {},
            "tags_all": {},
            "trusted_key_groups": [
              {
                "enabled": false,
                "items": []
              }
            ],
            "trusted_signers": [
              {
                "enabled": false,
                "items": []
              }
            ],
            "viewer_certificate": [
              {
                "acm_certificate_arn": "arn:aws:acm:us-east-1:640138429565:certificate/1d3fd7a6-047f-4484-84bb-048840a21cbf",
                "cloudfront_default_certificate": false,
                "iam_certificate_id": "",
                "minimum_protocol_version": "TLSv1",
                "ssl_support_method": "sni-only"
              }
            ],
            "wait_for_deployment": true,
            "web_acl_id": ""
          },
          "sensitive_attributes": [],
          "private": "eyJzY2hlbWFfdmVyc2lvbiI6IjEifQ==",
          "dependencies": [
            "aws_acm_certificate.harry-dowsett-resume",
            "aws_cloudfront_origin_access_identity.origin_access_identity",
            "aws_s3_bucket.resume-website"
          ]
        }
      ]
    },
    {
      "mode": "managed",
      "type": "aws_cloudfront_origin_access_identity",
      "name": "origin_access_identity",
      "provider": "provider[\"registry.terraform.io/hashicorp/aws\"]",
      "instances": [
        {
          "schema_version": 0,
          "attributes": {
            "caller_reference": "terraform-20220425190734468900000001",
            "cloudfront_access_identity_path": "origin-access-identity/cloudfront/ECWEJXOJ3WFG0",
            "comment": "myId",
            "etag": "ECQSFRQNJ3JAC",
            "iam_arn": "arn:aws:iam::cloudfront:user/CloudFront Origin Access Identity ECWEJXOJ3WFG0",
            "id": "ECWEJXOJ3WFG0",
            "s3_canonical_user_id": "4d17e9c3954e0b387b5b9885293b5bb3d1fd29be6dfc27e1a252a5d03dbbf85d201318f6bac087c831b2c3ef7393a501"
          },
          "sensitive_attributes": [],
          "private": "bnVsbA=="
        }
      ]
    },
    {
      "mode": "managed",
      "type": "aws_dynamodb_table",
      "name": "harry-resume-database",
      "provider": "provider[\"registry.terraform.io/hashicorp/aws\"]",
      "instances": [
        {
          "schema_version": 1,
          "attributes": {
            "arn": "arn:aws:dynamodb:us-east-1:640138429565:table/cloud-resume-challenge",
            "attribute": [
              {
                "name": "ID",
                "type": "S"
              }
            ],
            "billing_mode": "PAY_PER_REQUEST",
            "global_secondary_index": [],
            "hash_key": "ID",
            "id": "cloud-resume-challenge",
            "local_secondary_index": [],
            "name": "cloud-resume-challenge",
            "point_in_time_recovery": [
              {
                "enabled": false
              }
            ],
            "range_key": null,
            "read_capacity": 0,
            "replica": [],
            "restore_date_time": null,
            "restore_source_name": null,
            "restore_to_latest_time": null,
            "server_side_encryption": [],
            "stream_arn": "",
            "stream_enabled": false,
            "stream_label": "",
            "stream_view_type": "",
            "table_class": "",
            "tags": {},
            "tags_all": {},
            "timeouts": null,
            "ttl": [
              {
                "attribute_name": "",
                "enabled": false
              }
            ],
            "write_capacity": 0
          },
          "sensitive_attributes": [],
          "private": "eyJlMmJmYjczMC1lY2FhLTExZTYtOGY4OC0zNDM2M2JjN2M0YzAiOnsiY3JlYXRlIjoxODAwMDAwMDAwMDAwLCJkZWxldGUiOjYwMDAwMDAwMDAwMCwidXBkYXRlIjozNjAwMDAwMDAwMDAwfSwic2NoZW1hX3ZlcnNpb24iOiIxIn0="
        }
      ]
    },
    {
      "mode": "managed",
      "type": "aws_dynamodb_table_item",
      "name": "item",
      "provider": "provider[\"registry.terraform.io/hashicorp/aws\"]",
      "instances": [
        {
          "schema_version": 0,
          "attributes": {
            "hash_key": "ID",
            "id": "cloud-resume-challenge|ID||Count|",
            "item": "{\n  \"ID\": {\"S\": \"Count\"},\n  \"Visitors\": {\"N\": \"0\"}\n}\n",
            "range_key": null,
            "table_name": "cloud-resume-challenge"
          },
          "sensitive_attributes": [],
          "private": "bnVsbA==",
          "dependencies": [
            "aws_dynamodb_table.harry-resume-database"
          ]
        }
      ]
    },
    {
      "mode": "managed",
      "type": "aws_iam_policy",
      "name": "api_gw-policy",
      "provider": "provider[\"registry.terraform.io/hashicorp/aws\"]",
      "instances": [
        {
          "schema_version": 0,
          "attributes": {
            "arn": "arn:aws:iam::640138429565:policy/api_gw_s3",
            "description": "",
            "id": "arn:aws:iam::640138429565:policy/api_gw_s3",
            "name": "api_gw_s3",
            "name_prefix": null,
            "path": "/",
            "policy": "{\"Statement\":[{\"Action\":[\"s3:Get*\",\"s3:Put*\"],\"Effect\":\"Allow\",\"Resource\":\"*\"}],\"Version\":\"2012-10-17\"}",
            "policy_id": "ANPAZKCZZIR6VX2YAPWZQ",
            "tags": {},
            "tags_all": {}
          },
          "sensitive_attributes": [],
          "private": "bnVsbA=="
        }
      ]
    },
    {
      "mode": "managed",
      "type": "aws_iam_policy",
      "name": "dynamo-policy",
      "provider": "provider[\"registry.terraform.io/hashicorp/aws\"]",
      "instances": [
        {
          "schema_version": 0,
          "attributes": {
            "arn": "arn:aws:iam::640138429565:policy/dynamodb_lambda",
            "description": "",
            "id": "arn:aws:iam::640138429565:policy/dynamodb_lambda",
            "name": "dynamodb_lambda",
            "name_prefix": null,
            "path": "/",
            "policy": "{\"Statement\":[{\"Action\":[\"dynamodb:BatchGetItem\",\"dynamodb:GetItem\",\"dynamodb:Scan\",\"dynamodb:Query\",\"dynamodb:BatchWriteItem\",\"dynamodb:PutItem\",\"dynamodb:UpdateItem\",\"dynamodb:DeleteItem\"],\"Effect\":\"Allow\",\"Resource\":\"arn:aws:dynamodb:us-east-1:640138429565:table/cloud-resume-challenge\"}],\"Version\":\"2012-10-17\"}",
            "policy_id": "ANPAZKCZZIR64X4IWIETA",
            "tags": {},
            "tags_all": {}
          },
          "sensitive_attributes": [],
          "private": "bnVsbA=="
        }
      ]
    },
    {
      "mode": "managed",
      "type": "aws_iam_role",
      "name": "lambda_exec",
      "provider": "provider[\"registry.terraform.io/hashicorp/aws\"]",
      "instances": [
        {
          "schema_version": 0,
          "attributes": {
            "arn": "arn:aws:iam::640138429565:role/resume_lambda",
            "assume_role_policy": "{\"Version\":\"2012-10-17\",\"Statement\":[{\"Sid\":\"\",\"Effect\":\"Allow\",\"Principal\":{\"Service\":\"lambda.amazonaws.com\"},\"Action\":\"sts:AssumeRole\"}]}",
            "create_date": "2022-05-04T17:42:59Z",
            "description": "",
            "force_detach_policies": false,
            "id": "resume_lambda",
            "inline_policy": [
              {
                "name": "",
                "policy": ""
              }
            ],
            "managed_policy_arns": [
              "arn:aws:iam::640138429565:policy/dynamodb_lambda"
            ],
            "max_session_duration": 3600,
            "name": "resume_lambda",
            "name_prefix": "",
            "path": "/",
            "permissions_boundary": null,
            "tags": {},
            "tags_all": {},
            "unique_id": "AROAZKCZZIR63MFCVBRQF"
          },
          "sensitive_attributes": [],
          "private": "bnVsbA=="
        }
      ]
    },
    {
      "mode": "managed",
      "type": "aws_iam_role_policy_attachment",
      "name": "dynamodb-attach",
      "provider": "provider[\"registry.terraform.io/hashicorp/aws\"]",
      "instances": [
        {
          "schema_version": 0,
          "attributes": {
            "id": "resume_lambda-20220504191658559100000002",
            "policy_arn": "arn:aws:iam::640138429565:policy/dynamodb_lambda",
            "role": "resume_lambda"
          },
          "sensitive_attributes": [],
          "private": "bnVsbA==",
          "dependencies": [
            "aws_iam_policy.dynamo-policy",
            "aws_iam_role.lambda_exec"
          ]
        }
      ]
    },
    {
      "mode": "managed",
      "type": "aws_lambda_function",
      "name": "get-resume",
      "provider": "provider[\"registry.terraform.io/hashicorp/aws\"]",
      "instances": [
        {
          "schema_version": 0,
          "attributes": {
            "architectures": [
              "x86_64"
            ],
            "arn": "arn:aws:lambda:us-east-1:640138429565:function:ResumeGet",
            "code_signing_config_arn": "",
            "dead_letter_config": [],
            "description": "",
            "environment": [],
            "file_system_config": [],
            "filename": null,
            "function_name": "ResumeGet",
            "handler": "get-function.lambda_handler",
            "id": "ResumeGet",
            "image_config": [],
            "image_uri": "",
            "invoke_arn": "arn:aws:apigateway:us-east-1:lambda:path/2015-03-31/functions/arn:aws:lambda:us-east-1:640138429565:function:ResumeGet/invocations",
            "kms_key_arn": "",
            "last_modified": "2022-05-10T18:32:56.142+0000",
            "layers": [],
            "memory_size": 128,
            "package_type": "Zip",
            "publish": false,
            "qualified_arn": "arn:aws:lambda:us-east-1:640138429565:function:ResumeGet:$LATEST",
            "reserved_concurrent_executions": -1,
            "role": "arn:aws:iam::640138429565:role/resume_lambda",
            "runtime": "python3.9",
            "s3_bucket": "harry-resume-website",
            "s3_key": "get-function.zip",
            "s3_object_version": null,
            "signing_job_arn": "",
            "signing_profile_version_arn": "",
            "source_code_hash": "KywnC/wTH0A5qj0+QXWWSFHMgBWeEWIuuKDOYiBsxEM=",
            "source_code_size": 518,
            "tags": {},
            "tags_all": {},
            "timeout": 3,
            "timeouts": null,
            "tracing_config": [
              {
                "mode": "PassThrough"
              }
            ],
            "version": "$LATEST",
            "vpc_config": []
          },
          "sensitive_attributes": [],
          "private": "eyJlMmJmYjczMC1lY2FhLTExZTYtOGY4OC0zNDM2M2JjN2M0YzAiOnsiY3JlYXRlIjo2MDAwMDAwMDAwMDB9fQ==",
          "dependencies": [
            "aws_iam_role.lambda_exec"
          ]
        }
      ]
    },
    {
      "mode": "managed",
      "type": "aws_lambda_function",
      "name": "put-resume",
      "provider": "provider[\"registry.terraform.io/hashicorp/aws\"]",
      "instances": [
        {
          "schema_version": 0,
          "attributes": {
            "architectures": [
              "x86_64"
            ],
            "arn": "arn:aws:lambda:us-east-1:640138429565:function:ResumePut",
            "code_signing_config_arn": "",
            "dead_letter_config": [],
            "description": "",
            "environment": [],
            "file_system_config": [],
            "filename": null,
            "function_name": "ResumePut",
            "handler": "put-function.lambda_handler",
            "id": "ResumePut",
            "image_config": [],
            "image_uri": "",
            "invoke_arn": "arn:aws:apigateway:us-east-1:lambda:path/2015-03-31/functions/arn:aws:lambda:us-east-1:640138429565:function:ResumePut/invocations",
            "kms_key_arn": "",
            "last_modified": "2022-05-10T18:32:56.143+0000",
            "layers": [],
            "memory_size": 128,
            "package_type": "Zip",
            "publish": false,
            "qualified_arn": "arn:aws:lambda:us-east-1:640138429565:function:ResumePut:$LATEST",
            "reserved_concurrent_executions": -1,
            "role": "arn:aws:iam::640138429565:role/resume_lambda",
            "runtime": "python3.9",
            "s3_bucket": "harry-resume-website",
            "s3_key": "put-function.zip",
            "s3_object_version": null,
            "signing_job_arn": "",
            "signing_profile_version_arn": "",
            "source_code_hash": "hzticjfhxlIJpoQOR+77Ckgq6VbO3FQTDqMaCiAU9eU=",
            "source_code_size": 491,
            "tags": {},
            "tags_all": {},
            "timeout": 3,
            "timeouts": null,
            "tracing_config": [
              {
                "mode": "PassThrough"
              }
            ],
            "version": "$LATEST",
            "vpc_config": []
          },
          "sensitive_attributes": [],
          "private": "eyJlMmJmYjczMC1lY2FhLTExZTYtOGY4OC0zNDM2M2JjN2M0YzAiOnsiY3JlYXRlIjo2MDAwMDAwMDAwMDB9fQ==",
          "dependencies": [
            "aws_iam_role.lambda_exec"
          ]
        }
      ]
    },
    {
      "mode": "managed",
      "type": "aws_lambda_permission",
      "name": "get_allow_api",
      "provider": "provider[\"registry.terraform.io/hashicorp/aws\"]",
      "instances": [
        {
          "schema_version": 0,
          "attributes": {
            "action": "lambda:InvokeFunction",
            "event_source_token": null,
            "function_name": "ResumeGet",
            "id": "Allowresume-apiInvokation",
            "principal": "apigateway.amazonaws.com",
            "qualifier": "",
            "source_account": null,
            "source_arn": "arn:aws:execute-api:us-east-1:640138429565:ho9vk4ft4m/*/*/*",
            "statement_id": "Allowresume-apiInvokation",
            "statement_id_prefix": null
          },
          "sensitive_attributes": [],
          "private": "bnVsbA==",
          "dependencies": [
            "aws_lambda_function.get-resume",
            "aws_api_gateway_rest_api.resume-api",
            "aws_iam_role.lambda_exec"
          ]
        }
      ]
    },
    {
      "mode": "managed",
      "type": "aws_lambda_permission",
      "name": "put_allow_api",
      "provider": "provider[\"registry.terraform.io/hashicorp/aws\"]",
      "instances": [
        {
          "schema_version": 0,
          "attributes": {
            "action": "lambda:InvokeFunction",
            "event_source_token": null,
            "function_name": "ResumePut",
            "id": "Allowresume-apiInvokation",
            "principal": "apigateway.amazonaws.com",
            "qualifier": "",
            "source_account": null,
            "source_arn": "arn:aws:execute-api:us-east-1:640138429565:ho9vk4ft4m/*/*/*",
            "statement_id": "Allowresume-apiInvokation",
            "statement_id_prefix": null
          },
          "sensitive_attributes": [],
          "private": "bnVsbA==",
          "dependencies": [
            "aws_api_gateway_rest_api.resume-api",
            "aws_iam_role.lambda_exec",
            "aws_lambda_function.put-resume"
          ]
        }
      ]
    },
    {
      "mode": "managed",
      "type": "aws_route53_record",
      "name": "cert_validation",
      "provider": "provider[\"registry.terraform.io/hashicorp/aws\"]",
      "instances": [
        {
          "index_key": "harrydowsettresume.co.uk",
          "schema_version": 2,
          "attributes": {
            "alias": [],
            "allow_overwrite": true,
            "failover_routing_policy": [],
            "fqdn": "_d62e10e366a6dca595cb271e8337280e.harrydowsettresume.co.uk",
            "geolocation_routing_policy": [],
            "health_check_id": "",
            "id": "Z00969952S8LKXGJ52Z77__d62e10e366a6dca595cb271e8337280e.harrydowsettresume.co.uk._CNAME",
            "latency_routing_policy": [],
            "multivalue_answer_routing_policy": null,
            "name": "_d62e10e366a6dca595cb271e8337280e.harrydowsettresume.co.uk",
            "records": [
              "_9f7b282562300f744b85d37e98c31b3f.rdvkfhcmrm.acm-validations.aws."
            ],
            "set_identifier": "",
            "ttl": 60,
            "type": "CNAME",
            "weighted_routing_policy": [],
            "zone_id": "Z00969952S8LKXGJ52Z77"
          },
          "sensitive_attributes": [],
          "private": "eyJzY2hlbWFfdmVyc2lvbiI6IjIifQ==",
          "dependencies": [
            "aws_acm_certificate.harry-dowsett-resume",
            "data.aws_route53_zone.zone"
          ]
        }
      ]
    },
    {
      "mode": "managed",
      "type": "aws_route53_record",
      "name": "www",
      "provider": "provider[\"registry.terraform.io/hashicorp/aws\"]",
      "instances": [
        {
          "schema_version": 2,
          "attributes": {
            "alias": [
              {
                "evaluate_target_health": true,
                "name": "d2gler7vjixkjs.cloudfront.net",
                "zone_id": "Z2FDTNDATAQYW2"
              }
            ],
            "allow_overwrite": null,
            "failover_routing_policy": [],
            "fqdn": "harrydowsettresume.co.uk",
            "geolocation_routing_policy": [],
            "health_check_id": "",
            "id": "Z00969952S8LKXGJ52Z77_harrydowsettresume.co.uk_A",
            "latency_routing_policy": [],
            "multivalue_answer_routing_policy": null,
            "name": "harrydowsettresume.co.uk",
            "records": [],
            "set_identifier": "",
            "ttl": 0,
            "type": "A",
            "weighted_routing_policy": [],
            "zone_id": "Z00969952S8LKXGJ52Z77"
          },
          "sensitive_attributes": [],
          "private": "eyJzY2hlbWFfdmVyc2lvbiI6IjIifQ==",
          "dependencies": [
            "aws_cloudfront_distribution.s3_distribution",
            "aws_cloudfront_origin_access_identity.origin_access_identity",
            "aws_s3_bucket.resume-website",
            "data.aws_route53_zone.zone",
            "aws_acm_certificate.harry-dowsett-resume"
          ]
        }
      ]
    },
    {
      "mode": "managed",
      "type": "aws_route53_zone",
      "name": "zone",
      "provider": "provider[\"registry.terraform.io/hashicorp/aws\"]",
      "instances": [
        {
          "schema_version": 0,
          "attributes": {
            "arn": "arn:aws:route53:::hostedzone/Z00969952S8LKXGJ52Z77",
            "comment": "Managed by Terraform",
            "delegation_set_id": "",
            "force_destroy": false,
            "id": "Z00969952S8LKXGJ52Z77",
            "name": "harrydowsettresume.co.uk",
            "name_servers": [
              "ns-1504.awsdns-60.org",
              "ns-1690.awsdns-19.co.uk",
              "ns-496.awsdns-62.com",
              "ns-753.awsdns-30.net"
            ],
            "tags": {},
            "tags_all": {},
            "vpc": [],
            "zone_id": "Z00969952S8LKXGJ52Z77"
          },
          "sensitive_attributes": [],
          "private": "bnVsbA=="
        }
      ]
    },
    {
      "mode": "managed",
      "type": "aws_s3_bucket",
      "name": "resume-website",
      "provider": "provider[\"registry.terraform.io/hashicorp/aws\"]",
      "instances": [
        {
          "schema_version": 0,
          "attributes": {
            "acceleration_status": "",
            "acl": "private",
            "arn": "arn:aws:s3:::harry-resume-website",
            "bucket": "harry-resume-website",
            "bucket_domain_name": "harry-resume-website.s3.amazonaws.com",
            "bucket_prefix": null,
            "bucket_regional_domain_name": "harry-resume-website.s3.amazonaws.com",
            "cors_rule": [],
            "force_destroy": true,
            "grant": [],
            "hosted_zone_id": "Z3AQBSTGFYJSTF",
            "id": "harry-resume-website",
            "lifecycle_rule": [],
            "logging": [],
            "object_lock_configuration": [],
            "object_lock_enabled": false,
            "policy": "{\"Statement\":[{\"Action\":[\"s3:GetObject\"],\"Effect\":\"Allow\",\"Principal\":\"*\",\"Resource\":[\"arn:aws:s3:::harry-resume-website/*\"],\"Sid\":\"AddPerm\"}],\"Version\":\"2012-10-17\"}",
            "region": "us-east-1",
            "replication_configuration": [],
            "request_payer": "BucketOwner",
            "server_side_encryption_configuration": [],
            "tags": {
              "Name": "harry_dowsett Assets"
            },
            "tags_all": {
              "Name": "harry_dowsett Assets"
            },
            "versioning": [
              {
                "enabled": false,
                "mfa_delete": false
              }
            ],
            "website": [
              {
                "error_document": "error.html",
                "index_document": "index.html",
                "redirect_all_requests_to": "",
                "routing_rules": ""
              }
            ],
            "website_domain": "s3-website-us-east-1.amazonaws.com",
            "website_endpoint": "harry-resume-website.s3-website-us-east-1.amazonaws.com"
          },
          "sensitive_attributes": [],
          "private": "bnVsbA=="
        }
      ]
    },
    {
      "mode": "managed",
      "type": "aws_s3_bucket_object",
      "name": "error_html",
      "provider": "provider[\"registry.terraform.io/hashicorp/aws\"]",
      "instances": [
        {
          "schema_version": 0,
          "attributes": {
            "acl": "private",
            "bucket": "harry-resume-website",
            "bucket_key_enabled": false,
            "cache_control": "",
            "content": null,
            "content_base64": null,
            "content_disposition": "",
            "content_encoding": "",
            "content_language": "",
            "content_type": "text/html",
            "etag": "ae8150deb5c965cf91b7b8fbf23dfd7b",
            "force_destroy": false,
            "id": "error.html",
            "key": "error.html",
            "kms_key_id": null,
            "metadata": {},
            "object_lock_legal_hold_status": "",
            "object_lock_mode": "",
            "object_lock_retain_until_date": "",
            "server_side_encryption": "",
            "source": "~/my-cv-deployment-project.tf/cv-files/error.html",
            "source_hash": null,
            "storage_class": "STANDARD",
            "tags": {},
            "tags_all": {},
            "version_id": "",
            "website_redirect": ""
          },
          "sensitive_attributes": [],
          "private": "bnVsbA=="
        }
      ]
    },
    {
      "mode": "managed",
      "type": "aws_s3_bucket_object",
      "name": "index_css",
      "provider": "provider[\"registry.terraform.io/hashicorp/aws\"]",
      "instances": [
        {
          "schema_version": 0,
          "attributes": {
            "acl": "private",
            "bucket": "harry-resume-website",
            "bucket_key_enabled": false,
            "cache_control": "",
            "content": null,
            "content_base64": null,
            "content_disposition": "",
            "content_encoding": "",
            "content_language": "",
            "content_type": "text/css",
            "etag": "2a6aa0d7f2da2434d414e46c58e2c516",
            "force_destroy": false,
            "id": "index.css",
            "key": "index.css",
            "kms_key_id": null,
            "metadata": {},
            "object_lock_legal_hold_status": "",
            "object_lock_mode": "",
            "object_lock_retain_until_date": "",
            "server_side_encryption": "",
            "source": "~/my-cv-deployment-project.tf/cv-files/index.css",
            "source_hash": null,
            "storage_class": "STANDARD",
            "tags": {},
            "tags_all": {},
            "version_id": "",
            "website_redirect": ""
          },
          "sensitive_attributes": [],
          "private": "bnVsbA=="
        }
      ]
    },
    {
      "mode": "managed",
      "type": "aws_s3_bucket_object",
      "name": "index_html",
      "provider": "provider[\"registry.terraform.io/hashicorp/aws\"]",
      "instances": [
        {
          "schema_version": 0,
          "attributes": {
            "acl": "private",
            "bucket": "harry-resume-website",
            "bucket_key_enabled": false,
            "cache_control": "",
            "content": null,
            "content_base64": null,
            "content_disposition": "",
            "content_encoding": "",
            "content_language": "",
            "content_type": "text/html",
            "etag": "fcd27d6c2927efa172dab4beb93e7afb",
            "force_destroy": false,
            "id": "index.html",
            "key": "index.html",
            "kms_key_id": null,
            "metadata": {},
            "object_lock_legal_hold_status": "",
            "object_lock_mode": "",
            "object_lock_retain_until_date": "",
            "server_side_encryption": "",
            "source": "~/my-cv-deployment-project.tf/cv-files/index.html",
            "source_hash": null,
            "storage_class": "STANDARD",
            "tags": {},
            "tags_all": {},
            "version_id": "",
            "website_redirect": ""
          },
          "sensitive_attributes": [],
          "private": "bnVsbA=="
        }
      ]
    }
  ]
}
